
Microsoft Visual Studio Solution File, Format Version 12.00
# Visual Studio 15
VisualStudioVersion = 15.0.27703.2047
MinimumVisualStudioVersion = 10.0.40219.1
Project("{FAE04EC0-301F-11D3-BF4B-00C04F79EFBC}") = "Pruebajeisson", "Pruebajeisson\Pruebajeisson.csproj", "{33BD3072-DC70-4E4E-AF55-82E6259C0F81}"
EndProject
Global
	GlobalSection(SolutionConfigurationPlatforms) = preSolution
		Debug|Any CPU = Debug|Any CPU
		Release|Any CPU = Release|Any CPU
	EndGlobalSection
	GlobalSection(ProjectConfigurationPlatforms) = postSolution
		{33BD3072-DC70-4E4E-AF55-82E6259C0F81}.Debug|Any CPU.ActiveCfg = Debug|Any CPU
		{33BD3072-DC70-4E4E-AF55-82E6259C0F81}.Debug|Any CPU.Build.0 = Debug|Any CPU
		{33BD3072-DC70-4E4E-AF55-82E6259C0F81}.Release|Any CPU.ActiveCfg = Release|Any CPU
		{33BD3072-DC70-4E4E-AF55-82E6259C0F81}.Release|Any CPU.Build.0 = Release|Any CPU
	EndGlobalSection
	GlobalSection(SolutionProperties) = preSolution
		HideSolutionNode = FALSE
	EndGlobalSection
	GlobalSection(ExtensibilityGlobals) = postSolution
		SolutionGuid = {7D3A7EFD-E068-4487-981E-A1DA9C152BAA}
	EndGlobalSection
EndGlobal
